{
  "name": "ipv-cri-ts-common",
  "version": "1.0.0",
  "lockfileVersion": 3,
  "requires": true,
  "packages": {
    "": {
      "name": "ipv-cri-ts-common",
      "version": "1.0.0",
      "license": "MIT",
      "workspaces": [
        "packages/*"
      ],
      "engines": {
        "node": ">20.0.0",
        "npm": "^11.0.0"
      }
    }
  }
}
